
Microsoft Visual Studio Solution File, Format Version 12.00
# Visual Studio 15
VisualStudioVersion = 15.0.28307.438
MinimumVisualStudioVersion = 10.0.40219.1
Project("{FAE04EC0-301F-11D3-BF4B-00C04F79EFBC}") = "CustomizationEditor", "CustomizationEditor\CustomizationEditor.csproj", "{7CC05C03-06EC-45E1-80F5-DAAF797FF13D}"
EndProject
Global
	GlobalSection(SolutionConfigurationPlatforms) = preSolution
		Debug|Any CPU = Debug|Any CPU
		Release|Any CPU = Release|Any CPU
	EndGlobalSection
	GlobalSection(ProjectConfigurationPlatforms) = postSolution
		{7CC05C03-06EC-45E1-80F5-DAAF797FF13D}.Debug|Any CPU.ActiveCfg = Debug|Any CPU
		{7CC05C03-06EC-45E1-80F5-DAAF797FF13D}.Debug|Any CPU.Build.0 = Debug|Any CPU
		{7CC05C03-06EC-45E1-80F5-DAAF797FF13D}.Release|Any CPU.ActiveCfg = Release|Any CPU
		{7CC05C03-06EC-45E1-80F5-DAAF797FF13D}.Release|Any CPU.Build.0 = Release|Any CPU
	EndGlobalSection
	GlobalSection(SolutionProperties) = preSolution
		HideSolutionNode = FALSE
	EndGlobalSection
	GlobalSection(ExtensibilityGlobals) = postSolution
		SolutionGuid = {DC45F661-E91C-4140-9F69-FC91791286C3}
	EndGlobalSection
EndGlobal
